Microsoft Visual Studio Solution File, Format Version 12.00
# Visual Studio Version 17
VisualStudioVersion = 17.5.002.0
MinimumVisualStudioVersion = 10.0.40219.1
Project("{9A19103F-16F7-4668-BE54-9A1E7A4F7556}") = "mimi", "mimi.csproj", "{AAFF7D3B-1CC7-4FF8-87D6-D3199F6DE1BC}"
EndProject
Global
	GlobalSection(SolutionConfigurationPlatforms) = preSolution
		Debug|Any CPU = Debug|Any CPU
		Release|Any CPU = Release|Any CPU
	EndGlobalSection
	GlobalSection(ProjectConfigurationPlatforms) = postSolution
		{AAFF7D3B-1CC7-4FF8-87D6-D3199F6DE1BC}.Debug|Any CPU.ActiveCfg = Debug|Any CPU
		{AAFF7D3B-1CC7-4FF8-87D6-D3199F6DE1BC}.Debug|Any CPU.Build.0 = Debug|Any CPU
		{AAFF7D3B-1CC7-4FF8-87D6-D3199F6DE1BC}.Release|Any CPU.ActiveCfg = Release|Any CPU
		{AAFF7D3B-1CC7-4FF8-87D6-D3199F6DE1BC}.Release|Any CPU.Build.0 = Release|Any CPU
	EndGlobalSection
	GlobalSection(SolutionProperties) = preSolution
		HideSolutionNode = FALSE
	EndGlobalSection
	GlobalSection(ExtensibilityGlobals) = postSolution
		SolutionGuid = {3A795945-D2C1-4815-831A-817FFA42FEF1}
	EndGlobalSection
EndGlobal
